
Microsoft Visual Studio Solution File, Format Version 12.00
# Visual Studio 15
VisualStudioVersion = 15.0.27703.2018
MinimumVisualStudioVersion = 10.0.40219.1
Project("{FAE04EC0-301F-11D3-BF4B-00C04F79EFBC}") = "2018-07-24", "2018-07-24\2018-07-24.csproj", "{42CC82C9-BF44-46B8-B2E2-B13508998443}"
EndProject
Global
	GlobalSection(SolutionConfigurationPlatforms) = preSolution
		Debug|Any CPU = Debug|Any CPU
		Release|Any CPU = Release|Any CPU
	EndGlobalSection
	GlobalSection(ProjectConfigurationPlatforms) = postSolution
		{42CC82C9-BF44-46B8-B2E2-B13508998443}.Debug|Any CPU.ActiveCfg = Debug|Any CPU
		{42CC82C9-BF44-46B8-B2E2-B13508998443}.Debug|Any CPU.Build.0 = Debug|Any CPU
		{42CC82C9-BF44-46B8-B2E2-B13508998443}.Release|Any CPU.ActiveCfg = Release|Any CPU
		{42CC82C9-BF44-46B8-B2E2-B13508998443}.Release|Any CPU.Build.0 = Release|Any CPU
	EndGlobalSection
	GlobalSection(SolutionProperties) = preSolution
		HideSolutionNode = FALSE
	EndGlobalSection
	GlobalSection(ExtensibilityGlobals) = postSolution
		SolutionGuid = {0C747DC6-9CB5-4A12-860D-0C37DA99AC5D}
	EndGlobalSection
EndGlobal
