
Microsoft Visual Studio Solution File, Format Version 12.00
# Visual Studio 15
VisualStudioVersion = 15.0.27703.2018
MinimumVisualStudioVersion = 10.0.40219.1
Project("{FAE04EC0-301F-11D3-BF4B-00C04F79EFBC}") = "2018-07-09", "2018-07-09\2018-07-09.csproj", "{46182B86-EF38-44F8-B930-3D9327F2CA40}"
EndProject
Global
	GlobalSection(SolutionConfigurationPlatforms) = preSolution
		Debug|Any CPU = Debug|Any CPU
		Release|Any CPU = Release|Any CPU
	EndGlobalSection
	GlobalSection(ProjectConfigurationPlatforms) = postSolution
		{46182B86-EF38-44F8-B930-3D9327F2CA40}.Debug|Any CPU.ActiveCfg = Debug|Any CPU
		{46182B86-EF38-44F8-B930-3D9327F2CA40}.Debug|Any CPU.Build.0 = Debug|Any CPU
		{46182B86-EF38-44F8-B930-3D9327F2CA40}.Release|Any CPU.ActiveCfg = Release|Any CPU
		{46182B86-EF38-44F8-B930-3D9327F2CA40}.Release|Any CPU.Build.0 = Release|Any CPU
	EndGlobalSection
	GlobalSection(SolutionProperties) = preSolution
		HideSolutionNode = FALSE
	EndGlobalSection
	GlobalSection(ExtensibilityGlobals) = postSolution
		SolutionGuid = {773954AE-2FC3-4560-89D0-7E664A0501CB}
	EndGlobalSection
EndGlobal
