
Microsoft Visual Studio Solution File, Format Version 12.00
# Visual Studio 15
VisualStudioVersion = 15.0.27428.2037
MinimumVisualStudioVersion = 10.0.40219.1
Project("{FAE04EC0-301F-11D3-BF4B-00C04F79EFBC}") = "StringCalculatorKata", "StringCalculatorKata\StringCalculatorKata.csproj", "{DC0CDC93-98B0-48F1-B741-0BE5446AFE2D}"
EndProject
Global
	GlobalSection(SolutionConfigurationPlatforms) = preSolution
		Debug|Any CPU = Debug|Any CPU
		Release|Any CPU = Release|Any CPU
	EndGlobalSection
	GlobalSection(ProjectConfigurationPlatforms) = postSolution
		{DC0CDC93-98B0-48F1-B741-0BE5446AFE2D}.Debug|Any CPU.ActiveCfg = Debug|Any CPU
		{DC0CDC93-98B0-48F1-B741-0BE5446AFE2D}.Debug|Any CPU.Build.0 = Debug|Any CPU
		{DC0CDC93-98B0-48F1-B741-0BE5446AFE2D}.Release|Any CPU.ActiveCfg = Release|Any CPU
		{DC0CDC93-98B0-48F1-B741-0BE5446AFE2D}.Release|Any CPU.Build.0 = Release|Any CPU
	EndGlobalSection
	GlobalSection(SolutionProperties) = preSolution
		HideSolutionNode = FALSE
	EndGlobalSection
	GlobalSection(ExtensibilityGlobals) = postSolution
		SolutionGuid = {C3AB14DE-0A60-4A6B-B557-CC07BD7120D5}
	EndGlobalSection
EndGlobal
