
Microsoft Visual Studio Solution File, Format Version 12.00
# Visual Studio 15
VisualStudioVersion = 15.0.27703.2018
MinimumVisualStudioVersion = 10.0.40219.1
Project("{FAE04EC0-301F-11D3-BF4B-00C04F79EFBC}") = "2018-07-02", "2018-07-02\2018-07-02.csproj", "{F938BF7B-DBF5-4799-8E7D-12828B4AB5FB}"
EndProject
Global
	GlobalSection(SolutionConfigurationPlatforms) = preSolution
		Debug|Any CPU = Debug|Any CPU
		Release|Any CPU = Release|Any CPU
	EndGlobalSection
	GlobalSection(ProjectConfigurationPlatforms) = postSolution
		{F938BF7B-DBF5-4799-8E7D-12828B4AB5FB}.Debug|Any CPU.ActiveCfg = Debug|Any CPU
		{F938BF7B-DBF5-4799-8E7D-12828B4AB5FB}.Debug|Any CPU.Build.0 = Debug|Any CPU
		{F938BF7B-DBF5-4799-8E7D-12828B4AB5FB}.Release|Any CPU.ActiveCfg = Release|Any CPU
		{F938BF7B-DBF5-4799-8E7D-12828B4AB5FB}.Release|Any CPU.Build.0 = Release|Any CPU
	EndGlobalSection
	GlobalSection(SolutionProperties) = preSolution
		HideSolutionNode = FALSE
	EndGlobalSection
	GlobalSection(ExtensibilityGlobals) = postSolution
		SolutionGuid = {0EACF8B9-4BF9-420A-8D98-4F8B895BB487}
	EndGlobalSection
EndGlobal
